// !$*UTF8*$!
{
	archiveVersion = 1;
	classes = {
	};
	objectVersion = 46;
	objects = {

/* Begin PBXBuildFile section */
		233FDFCD1C418BCB00F81A6A /* LogIn.swift in Sources */ = {isa = PBXBuildFile; fileRef = 233FDFCC1C418BCB00F81A6A /* LogIn.swift */; };
		233FDFCF1C41BBFE00F81A6A /* Comment.swift in Sources */ = {isa = PBXBuildFile; fileRef = 233FDFCE1C41BBFE00F81A6A /* Comment.swift */; };
		233FDFD11C41BC1B00F81A6A /* User.swift in Sources */ = {isa = PBXBuildFile; fileRef = 233FDFD01C41BC1B00F81A6A /* User.swift */; };
		233FDFD41C41BD3E00F81A6A /* Message.swift in Sources */ = {isa = PBXBuildFile; fileRef = 233FDFD31C41BD3E00F81A6A /* Message.swift */; };
		233FDFD61C41BDA100F81A6A /* Post.swift in Sources */ = {isa = PBXBuildFile; fileRef = 233FDFD51C41BDA100F81A6A /* Post.swift */; };
		233FDFD81C41BE6E00F81A6A /* YayMgr.swift in Sources */ = {isa = PBXBuildFile; fileRef = 233FDFD71C41BE6E00F81A6A /* YayMgr.swift */; };
		233FDFDA1C41BE8300F81A6A /* DummyData.swift in Sources */ = {isa = PBXBuildFile; fileRef = 233FDFD91C41BE8300F81A6A /* DummyData.swift */; };
		233FDFDC1C41CE5A00F81A6A /* Utils.swift in Sources */ = {isa = PBXBuildFile; fileRef = 233FDFDB1C41CE5A00F81A6A /* Utils.swift */; };
		233FDFE01C41D60C00F81A6A /* FriendsActivity.swift in Sources */ = {isa = PBXBuildFile; fileRef = 233FDFDF1C41D60C00F81A6A /* FriendsActivity.swift */; };
		233FDFE21C41D65600F81A6A /* MyActivity.swift in Sources */ = {isa = PBXBuildFile; fileRef = 233FDFE11C41D65600F81A6A /* MyActivity.swift */; };
		2652F7B11C4AA14600214489 /* HealthKit.framework in Frameworks */ = {isa = PBXBuildFile; fileRef = 2652F7B01C4AA14600214489 /* HealthKit.framework */; };
		2652F7B31C4AA1A800214489 /* HealthManager.swift in Sources */ = {isa = PBXBuildFile; fileRef = 2652F7B21C4AA1A800214489 /* HealthManager.swift */; };
		43520C8E1C2FDBAF00FACD63 /* AppDelegate.swift in Sources */ = {isa = PBXBuildFile; fileRef = 43520C8D1C2FDBAF00FACD63 /* AppDelegate.swift */; };
		43520C951C2FDBAF00FACD63 /* Main.storyboard in Resources */ = {isa = PBXBuildFile; fileRef = 43520C931C2FDBAF00FACD63 /* Main.storyboard */; };
		43520C971C2FDBAF00FACD63 /* Assets.xcassets in Resources */ = {isa = PBXBuildFile; fileRef = 43520C961C2FDBAF00FACD63 /* Assets.xcassets */; };
		43520C9A1C2FDBAF00FACD63 /* LaunchScreen.storyboard in Resources */ = {isa = PBXBuildFile; fileRef = 43520C981C2FDBAF00FACD63 /* LaunchScreen.storyboard */; };
		D20073921C47E4B9009DE546 /* FBSDKCoreKit.framework in Frameworks */ = {isa = PBXBuildFile; fileRef = D200738F1C47E4B9009DE546 /* FBSDKCoreKit.framework */; };
		D20073931C47E4B9009DE546 /* FBSDKLoginKit.framework in Frameworks */ = {isa = PBXBuildFile; fileRef = D20073901C47E4B9009DE546 /* FBSDKLoginKit.framework */; };
		D20073941C47E4B9009DE546 /* FBSDKShareKit.framework in Frameworks */ = {isa = PBXBuildFile; fileRef = D20073911C47E4B9009DE546 /* FBSDKShareKit.framework */; };
		D20073951C47E4DE009DE546 /* FBSDKCoreKit.framework in Resources */ = {isa = PBXBuildFile; fileRef = D200738F1C47E4B9009DE546 /* FBSDKCoreKit.framework */; };
		D20073961C47E4DE009DE546 /* FBSDKLoginKit.framework in Resources */ = {isa = PBXBuildFile; fileRef = D20073901C47E4B9009DE546 /* FBSDKLoginKit.framework */; };
		D20073971C47E4DE009DE546 /* FBSDKShareKit.framework in Resources */ = {isa = PBXBuildFile; fileRef = D20073911C47E4B9009DE546 /* FBSDKShareKit.framework */; };
/* End PBXBuildFile section */

/* Begin PBXFileReference section */
		233FDFCC1C418BCB00F81A6A /* LogIn.swift */ = {isa = PBXFileReference; fileEncoding = 4; lastKnownFileType = sourcecode.swift; path = LogIn.swift; sourceTree = "<group>"; };
		233FDFCE1C41BBFE00F81A6A /* Comment.swift */ = {isa = PBXFileReference; fileEncoding = 4; lastKnownFileType = sourcecode.swift; path = Comment.swift; sourceTree = "<group>"; };
		233FDFD01C41BC1B00F81A6A /* User.swift */ = {isa = PBXFileReference; fileEncoding = 4; lastKnownFileType = sourcecode.swift; path = User.swift; sourceTree = "<group>"; };
		233FDFD31C41BD3E00F81A6A /* Message.swift */ = {isa = PBXFileReference; fileEncoding = 4; lastKnownFileType = sourcecode.swift; path = Message.swift; sourceTree = "<group>"; };
		233FDFD51C41BDA100F81A6A /* Post.swift */ = {isa = PBXFileReference; fileEncoding = 4; lastKnownFileType = sourcecode.swift; path = Post.swift; sourceTree = "<group>"; };
		233FDFD71C41BE6E00F81A6A /* YayMgr.swift */ = {isa = PBXFileReference; fileEncoding = 4; lastKnownFileType = sourcecode.swift; path = YayMgr.swift; sourceTree = "<group>"; };
		233FDFD91C41BE8300F81A6A /* DummyData.swift */ = {isa = PBXFileReference; fileEncoding = 4; lastKnownFileType = sourcecode.swift; path = DummyData.swift; sourceTree = "<group>"; };
		233FDFDB1C41CE5A00F81A6A /* Utils.swift */ = {isa = PBXFileReference; fileEncoding = 4; lastKnownFileType = sourcecode.swift; path = Utils.swift; sourceTree = "<group>"; };
		233FDFDF1C41D60C00F81A6A /* FriendsActivity.swift */ = {isa = PBXFileReference; fileEncoding = 4; lastKnownFileType = sourcecode.swift; path = FriendsActivity.swift; sourceTree = "<group>"; };
		233FDFE11C41D65600F81A6A /* MyActivity.swift */ = {isa = PBXFileReference; fileEncoding = 4; lastKnownFileType = sourcecode.swift; path = MyActivity.swift; sourceTree = "<group>"; };
		2652F7AF1C4AA14600214489 /* ShameSports.entitlements */ = {isa = PBXFileReference; lastKnownFileType = text.xml; path = ShameSports.entitlements; sourceTree = "<group>"; };
		2652F7B01C4AA14600214489 /* HealthKit.framework */ = {isa = PBXFileReference; lastKnownFileType = wrapper.framework; name = HealthKit.framework; path = System/Library/Frameworks/HealthKit.framework; sourceTree = SDKROOT; };
		2652F7B21C4AA1A800214489 /* HealthManager.swift */ = {isa = PBXFileReference; fileEncoding = 4; lastKnownFileType = sourcecode.swift; path = HealthManager.swift; sourceTree = "<group>"; };
		43520C8A1C2FDBAF00FACD63 /* ShameSports.app */ = {isa = PBXFileReference; explicitFileType = wrapper.application; includeInIndex = 0; path = ShameSports.app; sourceTree = BUILT_PRODUCTS_DIR; };
		43520C8D1C2FDBAF00FACD63 /* AppDelegate.swift */ = {isa = PBXFileReference; lastKnownFileType = sourcecode.swift; path = AppDelegate.swift; sourceTree = "<group>"; };
		43520C941C2FDBAF00FACD63 /* Base */ = {isa = PBXFileReference; lastKnownFileType = file.storyboard; name = Base; path = Base.lproj/Main.storyboard; sourceTree = "<group>"; };
		43520C961C2FDBAF00FACD63 /* Assets.xcassets */ = {isa = PBXFileReference; lastKnownFileType = folder.assetcatalog; path = Assets.xcassets; sourceTree = "<group>"; };
		43520C991C2FDBAF00FACD63 /* Base */ = {isa = PBXFileReference; lastKnownFileType = file.storyboard; name = Base; path = Base.lproj/LaunchScreen.storyboard; sourceTree = "<group>"; };
		43520C9B1C2FDBAF00FACD63 /* Info.plist */ = {isa = PBXFileReference; lastKnownFileType = text.plist.xml; path = Info.plist; sourceTree = "<group>"; };
		D200738F1C47E4B9009DE546 /* FBSDKCoreKit.framework */ = {isa = PBXFileReference; lastKnownFileType = wrapper.framework; path = FBSDKCoreKit.framework; sourceTree = "<group>"; };
		D20073901C47E4B9009DE546 /* FBSDKLoginKit.framework */ = {isa = PBXFileReference; lastKnownFileType = wrapper.framework; path = FBSDKLoginKit.framework; sourceTree = "<group>"; };
		D20073911C47E4B9009DE546 /* FBSDKShareKit.framework */ = {isa = PBXFileReference; lastKnownFileType = wrapper.framework; path = FBSDKShareKit.framework; sourceTree = "<group>"; };
		D261EC8E1C466F0100EF539D /* BridgingHeader.h */ = {isa = PBXFileReference; lastKnownFileType = sourcecode.c.h; path = BridgingHeader.h; sourceTree = "<group>"; };
/* End PBXFileReference section */

/* Begin PBXFrameworksBuildPhase section */
		43520C871C2FDBAF00FACD63 /* Frameworks */ = {
			isa = PBXFrameworksBuildPhase;
			buildActionMask = 2147483647;
			files = (
				D20073931C47E4B9009DE546 /* FBSDKLoginKit.framework in Frameworks */,
				2652F7B11C4AA14600214489 /* HealthKit.framework in Frameworks */,
				D20073921C47E4B9009DE546 /* FBSDKCoreKit.framework in Frameworks */,
				D20073941C47E4B9009DE546 /* FBSDKShareKit.framework in Frameworks */,
			);
			runOnlyForDeploymentPostprocessing = 0;
		};
/* End PBXFrameworksBuildPhase section */

/* Begin PBXGroup section */
		43520C811C2FDBAF00FACD63 = {
			isa = PBXGroup;
			children = (
				D261EC851C46689E00EF539D /* Frameworks */,
				43520C8C1C2FDBAF00FACD63 /* ShameSports */,
				43520C8B1C2FDBAF00FACD63 /* Products */,
			);
			sourceTree = "<group>";
		};
		43520C8B1C2FDBAF00FACD63 /* Products */ = {
			isa = PBXGroup;
			children = (
				43520C8A1C2FDBAF00FACD63 /* ShameSports.app */,
			);
			name = Products;
			sourceTree = "<group>";
		};
		43520C8C1C2FDBAF00FACD63 /* ShameSports */ = {
			isa = PBXGroup;
			children = (
				2652F7AF1C4AA14600214489 /* ShameSports.entitlements */,
				43520C8D1C2FDBAF00FACD63 /* AppDelegate.swift */,
				233FDFCC1C418BCB00F81A6A /* LogIn.swift */,
				233FDFDF1C41D60C00F81A6A /* FriendsActivity.swift */,
				233FDFE11C41D65600F81A6A /* MyActivity.swift */,
				233FDFD71C41BE6E00F81A6A /* YayMgr.swift */,
				233FDFD01C41BC1B00F81A6A /* User.swift */,
				233FDFD31C41BD3E00F81A6A /* Message.swift */,
				233FDFD51C41BDA100F81A6A /* Post.swift */,
				233FDFCE1C41BBFE00F81A6A /* Comment.swift */,
				233FDFDB1C41CE5A00F81A6A /* Utils.swift */,
				233FDFD91C41BE8300F81A6A /* DummyData.swift */,
				2652F7B21C4AA1A800214489 /* HealthManager.swift */,
				43520C931C2FDBAF00FACD63 /* Main.storyboard */,
				43520C961C2FDBAF00FACD63 /* Assets.xcassets */,
				43520C981C2FDBAF00FACD63 /* LaunchScreen.storyboard */,
				43520C9B1C2FDBAF00FACD63 /* Info.plist */,
				D261EC8E1C466F0100EF539D /* BridgingHeader.h */,
			);
			path = ShameSports;
			sourceTree = "<group>";
		};
		D261EC851C46689E00EF539D /* Frameworks */ = {
			isa = PBXGroup;
			children = (
				2652F7B01C4AA14600214489 /* HealthKit.framework */,
				D200738F1C47E4B9009DE546 /* FBSDKCoreKit.framework */,
				D20073901C47E4B9009DE546 /* FBSDKLoginKit.framework */,
				D20073911C47E4B9009DE546 /* FBSDKShareKit.framework */,
			);
			name = Frameworks;
			sourceTree = "<group>";
		};
/* End PBXGroup section */

/* Begin PBXNativeTarget section */
		43520C891C2FDBAF00FACD63 /* ShameSports */ = {
			isa = PBXNativeTarget;
			buildConfigurationList = 43520C9E1C2FDBAF00FACD63 /* Build configuration list for PBXNativeTarget "ShameSports" */;
			buildPhases = (
				43520C861C2FDBAF00FACD63 /* Sources */,
				43520C871C2FDBAF00FACD63 /* Frameworks */,
				43520C881C2FDBAF00FACD63 /* Resources */,
			);
			buildRules = (
			);
			dependencies = (
			);
			name = ShameSports;
			productName = ShameSports;
			productReference = 43520C8A1C2FDBAF00FACD63 /* ShameSports.app */;
			productType = "com.apple.product-type.application";
		};
/* End PBXNativeTarget section */

/* Begin PBXProject section */
		43520C821C2FDBAF00FACD63 /* Project object */ = {
			isa = PBXProject;
			attributes = {
				LastSwiftUpdateCheck = 0720;
				LastUpgradeCheck = 0720;
				ORGANIZATIONNAME = Daria;
				TargetAttributes = {
					43520C891C2FDBAF00FACD63 = {
						CreatedOnToolsVersion = 7.2;
						DevelopmentTeam = C2X5TLHQYM;
						SystemCapabilities = {
							com.apple.HealthKit = {
								enabled = 1;
							};
							com.apple.Push = {
								enabled = 1;
							};
						};
					};
				};
			};
			buildConfigurationList = 43520C851C2FDBAF00FACD63 /* Build configuration list for PBXProject "ShameSports" */;
			compatibilityVersion = "Xcode 3.2";
			developmentRegion = English;
			hasScannedForEncodings = 0;
			knownRegions = (
				en,
				Base,
			);
			mainGroup = 43520C811C2FDBAF00FACD63;
			productRefGroup = 43520C8B1C2FDBAF00FACD63 /* Products */;
			projectDirPath = "";
			projectRoot = "";
			targets = (
				43520C891C2FDBAF00FACD63 /* ShameSports */,
			);
		};
/* End PBXProject section */

/* Begin PBXResourcesBuildPhase section */
		43520C881C2FDBAF00FACD63 /* Resources */ = {
			isa = PBXResourcesBuildPhase;
			buildActionMask = 2147483647;
			files = (
				D20073951C47E4DE009DE546 /* FBSDKCoreKit.framework in Resources */,
				D20073961C47E4DE009DE546 /* FBSDKLoginKit.framework in Resources */,
				D20073971C47E4DE009DE546 /* FBSDKShareKit.framework in Resources */,
				43520C9A1C2FDBAF00FACD63 /* LaunchScreen.storyboard in Resources */,
				43520C971C2FDBAF00FACD63 /* Assets.xcassets in Resources */,
				43520C951C2FDBAF00FACD63 /* Main.storyboard in Resources */,
			);
			runOnlyForDeploymentPostprocessing = 0;
		};
/* End PBXResourcesBuildPhase section */

/* Begin PBXSourcesBuildPhase section */
		43520C861C2FDBAF00FACD63 /* Sources */ = {
			isa = PBXSourcesBuildPhase;
			buildActionMask = 2147483647;
			files = (
				233FDFCF1C41BBFE00F81A6A /* Comment.swift in Sources */,
				233FDFD11C41BC1B00F81A6A /* User.swift in Sources */,
				233FDFD61C41BDA100F81A6A /* Post.swift in Sources */,
				233FDFD81C41BE6E00F81A6A /* YayMgr.swift in Sources */,
				43520C8E1C2FDBAF00FACD63 /* AppDelegate.swift in Sources */,
				233FDFDC1C41CE5A00F81A6A /* Utils.swift in Sources */,
				233FDFE01C41D60C00F81A6A /* FriendsActivity.swift in Sources */,
				2652F7B31C4AA1A800214489 /* HealthManager.swift in Sources */,
				233FDFCD1C418BCB00F81A6A /* LogIn.swift in Sources */,
				233FDFDA1C41BE8300F81A6A /* DummyData.swift in Sources */,
				233FDFD41C41BD3E00F81A6A /* Message.swift in Sources */,
				233FDFE21C41D65600F81A6A /* MyActivity.swift in Sources */,
			);
			runOnlyForDeploymentPostprocessing = 0;
		};
/* End PBXSourcesBuildPhase section */

/* Begin PBXVariantGroup section */
		43520C931C2FDBAF00FACD63 /* Main.storyboard */ = {
			isa = PBXVariantGroup;
			children = (
				43520C941C2FDBAF00FACD63 /* Base */,
			);
			name = Main.storyboard;
			sourceTree = "<group>";
		};
		43520C981C2FDBAF00FACD63 /* LaunchScreen.storyboard */ = {
			isa = PBXVariantGroup;
			children = (
				43520C991C2FDBAF00FACD63 /* Base */,
			);
			name = LaunchScreen.storyboard;
			sourceTree = "<group>";
		};
/* End PBXVariantGroup section */

/* Begin XCBuildConfiguration section */
		43520C9C1C2FDBAF00FACD63 /* Debug */ = {
			isa = XCBuildConfiguration;
			buildSettings = {
				ALWAYS_SEARCH_USER_PATHS = NO;
				CLANG_CXX_LANGUAGE_STANDARD = "gnu++0x";
				CLANG_CXX_LIBRARY = "libc++";
				CLANG_ENABLE_MODULES = YES;
				CLANG_ENABLE_OBJC_ARC = YES;
				CLANG_WARN_BOOL_CONVERSION = YES;
				CLANG_WARN_CONSTANT_CONVERSION = YES;
				CLANG_WARN_DIRECT_OBJC_ISA_USAGE = YES_ERROR;
				CLANG_WARN_EMPTY_BODY = YES;
				CLANG_WARN_ENUM_CONVERSION = YES;
				CLANG_WARN_INT_CONVERSION = YES;
				CLANG_WARN_OBJC_ROOT_CLASS = YES_ERROR;
				CLANG_WARN_UNREACHABLE_CODE = YES;
				CLANG_WARN__DUPLICATE_METHOD_MATCH = YES;
				"CODE_SIGN_IDENTITY[sdk=iphoneos*]" = "iPhone Developer";
				COPY_PHASE_STRIP = NO;
				DEBUG_INFORMATION_FORMAT = dwarf;
				ENABLE_STRICT_OBJC_MSGSEND = YES;
				ENABLE_TESTABILITY = YES;
				GCC_C_LANGUAGE_STANDARD = gnu99;
				GCC_DYNAMIC_NO_PIC = NO;
				GCC_NO_COMMON_BLOCKS = YES;
				GCC_OPTIMIZATION_LEVEL = 0;
				GCC_PREPROCESSOR_DEFINITIONS = (
					"DEBUG=1",
					"$(inherited)",
				);
				GCC_WARN_64_TO_32_BIT_CONVERSION = YES;
				GCC_WARN_ABOUT_RETURN_TYPE = YES_ERROR;
				GCC_WARN_UNDECLARED_SELECTOR = YES;
				GCC_WARN_UNINITIALIZED_AUTOS = YES_AGGRESSIVE;
				GCC_WARN_UNUSED_FUNCTION = YES;
				GCC_WARN_UNUSED_VARIABLE = YES;
				IPHONEOS_DEPLOYMENT_TARGET = 9.2;
				MTL_ENABLE_DEBUG_INFO = YES;
				ONLY_ACTIVE_ARCH = YES;
				SDKROOT = iphoneos;
				SWIFT_OPTIMIZATION_LEVEL = "-Onone";
			};
			name = Debug;
		};
		43520C9D1C2FDBAF00FACD63 /* Release */ = {
			isa = XCBuildConfiguration;
			buildSettings = {
				ALWAYS_SEARCH_USER_PATHS = NO;
				CLANG_CXX_LANGUAGE_STANDARD = "gnu++0x";
				CLANG_CXX_LIBRARY = "libc++";
				CLANG_ENABLE_MODULES = YES;
				CLANG_ENABLE_OBJC_ARC = YES;
				CLANG_WARN_BOOL_CONVERSION = YES;
				CLANG_WARN_CONSTANT_CONVERSION = YES;
				CLANG_WARN_DIRECT_OBJC_ISA_USAGE = YES_ERROR;
				CLANG_WARN_EMPTY_BODY = YES;
				CLANG_WARN_ENUM_CONVERSION = YES;
				CLANG_WARN_INT_CONVERSION = YES;
				CLANG_WARN_OBJC_ROOT_CLASS = YES_ERROR;
				CLANG_WARN_UNREACHABLE_CODE = YES;
				CLANG_WARN__DUPLICATE_METHOD_MATCH = YES;
				"CODE_SIGN_IDENTITY[sdk=iphoneos*]" = "iPhone Developer";
				COPY_PHASE_STRIP = NO;
				DEBUG_INFORMATION_FORMAT = "dwarf-with-dsym";
				ENABLE_NS_ASSERTIONS = NO;
				ENABLE_STRICT_OBJC_MSGSEND = YES;
				GCC_C_LANGUAGE_STANDARD = gnu99;
				GCC_NO_COMMON_BLOCKS = YES;
				GCC_WARN_64_TO_32_BIT_CONVERSION = YES;
				GCC_WARN_ABOUT_RETURN_TYPE = YES_ERROR;
				GCC_WARN_UNDECLARED_SELECTOR = YES;
				GCC_WARN_UNINITIALIZED_AUTOS = YES_AGGRESSIVE;
				GCC_WARN_UNUSED_FUNCTION = YES;
				GCC_WARN_UNUSED_VARIABLE = YES;
				IPHONEOS_DEPLOYMENT_TARGET = 9.2;
				MTL_ENABLE_DEBUG_INFO = NO;
				SDKROOT = iphoneos;
				VALIDATE_PRODUCT = YES;
			};
			name = Release;
		};
		43520C9F1C2FDBAF00FACD63 /* Debug */ = {
			isa = XCBuildConfiguration;
			buildSettings = {
				ASSETCATALOG_COMPILER_APPICON_NAME = AppIcon;
				CLANG_ENABLE_MODULES = YES;
				CODE_SIGN_ENTITLEMENTS = ShameSports/ShameSports.entitlements;
				CODE_SIGN_IDENTITY = "iPhone Developer";
				"CODE_SIGN_IDENTITY[sdk=iphoneos*]" = "iPhone Developer";
				FRAMEWORK_SEARCH_PATHS = (
					"/Users/omartawfik/Downloads/FacebookSDKs-iOS-20151111",
					"$(PROJECT_DIR)",
				);
				INFOPLIST_FILE = ShameSports/Info.plist;
				IPHONEOS_DEPLOYMENT_TARGET = 9.2;
				LD_RUNPATH_SEARCH_PATHS = "$(inherited) @executable_path/Frameworks";
				PRODUCT_BUNDLE_IDENTIFIER = YaySport;
				PRODUCT_NAME = "$(TARGET_NAME)";
				PROVISIONING_PROFILE = "";
				SWIFT_OBJC_BRIDGING_HEADER = ShameSports/BridgingHeader.h;
				SWIFT_OPTIMIZATION_LEVEL = "-Onone";
				TARGETED_DEVICE_FAMILY = 1;
			};
			name = Debug;
		};
		43520CA01C2FDBAF00FACD63 /* Release */ = {
			isa = XCBuildConfiguration;
			buildSettings = {
				ASSETCATALOG_COMPILER_APPICON_NAME = AppIcon;
				CLANG_ENABLE_MODULES = YES;
				CODE_SIGN_ENTITLEMENTS = ShameSports/ShameSports.entitlements;
				CODE_SIGN_IDENTITY = "iPhone Developer";
				"CODE_SIGN_IDENTITY[sdk=iphoneos*]" = "iPhone Developer";
				FRAMEWORK_SEARCH_PATHS = (
					"/Users/omartawfik/Downloads/FacebookSDKs-iOS-20151111",
					"$(PROJECT_DIR)",
				);
				INFOPLIST_FILE = ShameSports/Info.plist;
				IPHONEOS_DEPLOYMENT_TARGET = 9.2;
				LD_RUNPATH_SEARCH_PATHS = "$(inherited) @executable_path/Frameworks";
				PRODUCT_BUNDLE_IDENTIFIER = YaySport;
				PRODUCT_NAME = "$(TARGET_NAME)";
				PROVISIONING_PROFILE = "";
				SWIFT_OBJC_BRIDGING_HEADER = ShameSports/BridgingHeader.h;
				TARGETED_DEVICE_FAMILY = 1;
			};
			name = Release;
		};
/* End XCBuildConfiguration section */

/* Begin XCConfigurationList section */
		43520C851C2FDBAF00FACD63 /* Build configuration list for PBXProject "ShameSports" */ = {
			isa = XCConfigurationList;
			buildConfigurations = (
				43520C9C1C2FDBAF00FACD63 /* Debug */,
				43520C9D1C2FDBAF00FACD63 /* Release */,
			);
			defaultConfigurationIsVisible = 0;
			defaultConfigurationName = Release;
		};
		43520C9E1C2FDBAF00FACD63 /* Build configuration list for PBXNativeTarget "ShameSports" */ = {
			isa = XCConfigurationList;
			buildConfigurations = (
				43520C9F1C2FDBAF00FACD63 /* Debug */,
				43520CA01C2FDBAF00FACD63 /* Release */,
			);
			defaultConfigurationIsVisible = 0;
			defaultConfigurationName = Release;
		};
/* End XCConfigurationList section */
	};
	rootObject = 43520C821C2FDBAF00FACD63 /* Project object */;
}
